
Microsoft Visual Studio Solution File, Format Version 12.00
# Visual Studio Version 17
VisualStudioVersion = 17.2.32630.192
MinimumVisualStudioVersion = 10.0.40219.1
Project("{2150E333-8FDC-42A3-9474-1A3956D46DE8}") = "src", "src", "{1A358561-A61F-4B2F-A5CD-BC423ABE799E}"
EndProject
Project("{2150E333-8FDC-42A3-9474-1A3956D46DE8}") = "demoProjects", "demoProjects", "{945FB7D8-2B74-49C5-8138-605567DAF200}"
EndProject
Project("{2150E333-8FDC-42A3-9474-1A3956D46DE8}") = "kodlama.io.devs", "kodlama.io.devs", "{A2CD1C69-5245-4702-8687-CE2E63A36427}"
EndProject
Project("{9A19103F-16F7-4668-BE54-9A1E7A4F7556}") = "WebAPI", "src\demoProjects\kodlama.io.devs\WebAPI\WebAPI.csproj", "{8E6EF2AF-4A2A-4E07-9474-D590B0D6F733}"
EndProject
Project("{9A19103F-16F7-4668-BE54-9A1E7A4F7556}") = "Application", "src\demoProjects\kodlama.io.devs\Application\Application.csproj", "{C4E2FD76-127C-4268-A66C-4E9326860864}"
EndProject
Project("{9A19103F-16F7-4668-BE54-9A1E7A4F7556}") = "Domain", "src\demoProjects\kodlama.io.devs\Domain\Domain.csproj", "{260BF0E3-3090-4586-94CB-182BF54FFAF2}"
EndProject
Project("{9A19103F-16F7-4668-BE54-9A1E7A4F7556}") = "Infrastructure", "src\demoProjects\kodlama.io.devs\Infrastructure\Infrastructure.csproj", "{FB8EDE93-583C-4A7D-828E-16D72CE28116}"
EndProject
Project("{9A19103F-16F7-4668-BE54-9A1E7A4F7556}") = "Persistence", "src\demoProjects\kodlama.io.devs\Persistence\Persistence.csproj", "{A4FFE62D-8065-4F8C-9288-200926711C6F}"
EndProject
Project("{2150E333-8FDC-42A3-9474-1A3956D46DE8}") = "corePackages", "corePackages", "{3FF30227-0D96-49F3-B186-40BD420A41CD}"
EndProject
Project("{FAE04EC0-301F-11D3-BF4B-00C04F79EFBC}") = "Core.Application", "src\corePackages\Core.Application\Core.Application.csproj", "{F78AC0E0-0ACD-45D2-AC9F-570EB214FE8A}"
EndProject
Project("{FAE04EC0-301F-11D3-BF4B-00C04F79EFBC}") = "Core.CrossCuttingConcerns", "src\corePackages\Core.CrossCuttingConcerns\Core.CrossCuttingConcerns.csproj", "{5B973D88-50B2-4D95-A5ED-2CE6DCEF862C}"
EndProject
Project("{FAE04EC0-301F-11D3-BF4B-00C04F79EFBC}") = "Core.ElasticSearch", "src\corePackages\Core.ElasticSearch\Core.ElasticSearch.csproj", "{DDF1A481-A6C0-4393-BA38-D4159A5B1B27}"
EndProject
Project("{FAE04EC0-301F-11D3-BF4B-00C04F79EFBC}") = "Core.Mailing", "src\corePackages\Core.Mailing\Core.Mailing.csproj", "{CFBC2F41-D6DD-4E75-9BDA-FA7421EE16D1}"
EndProject
Project("{FAE04EC0-301F-11D3-BF4B-00C04F79EFBC}") = "Core.Persistence", "src\corePackages\Core.Persistence\Core.Persistence.csproj", "{7581B4A4-C8F1-4144-AA11-402D0DE3E883}"
EndProject
Project("{FAE04EC0-301F-11D3-BF4B-00C04F79EFBC}") = "Core.Security", "src\corePackages\Core.Security\Core.Security.csproj", "{26C5A7D6-C1A4-4B2E-A633-12258386CE93}"
EndProject
Global
	GlobalSection(SolutionConfigurationPlatforms) = preSolution
		Debug|Any CPU = Debug|Any CPU
		Release|Any CPU = Release|Any CPU
	EndGlobalSection
	GlobalSection(ProjectConfigurationPlatforms) = postSolution
		{8E6EF2AF-4A2A-4E07-9474-D590B0D6F733}.Debug|Any CPU.ActiveCfg = Debug|Any CPU
		{8E6EF2AF-4A2A-4E07-9474-D590B0D6F733}.Debug|Any CPU.Build.0 = Debug|Any CPU
		{8E6EF2AF-4A2A-4E07-9474-D590B0D6F733}.Release|Any CPU.ActiveCfg = Release|Any CPU
		{8E6EF2AF-4A2A-4E07-9474-D590B0D6F733}.Release|Any CPU.Build.0 = Release|Any CPU
		{C4E2FD76-127C-4268-A66C-4E9326860864}.Debug|Any CPU.ActiveCfg = Debug|Any CPU
		{C4E2FD76-127C-4268-A66C-4E9326860864}.Debug|Any CPU.Build.0 = Debug|Any CPU
		{C4E2FD76-127C-4268-A66C-4E9326860864}.Release|Any CPU.ActiveCfg = Release|Any CPU
		{C4E2FD76-127C-4268-A66C-4E9326860864}.Release|Any CPU.Build.0 = Release|Any CPU
		{260BF0E3-3090-4586-94CB-182BF54FFAF2}.Debug|Any CPU.ActiveCfg = Debug|Any CPU
		{260BF0E3-3090-4586-94CB-182BF54FFAF2}.Debug|Any CPU.Build.0 = Debug|Any CPU
		{260BF0E3-3090-4586-94CB-182BF54FFAF2}.Release|Any CPU.ActiveCfg = Release|Any CPU
		{260BF0E3-3090-4586-94CB-182BF54FFAF2}.Release|Any CPU.Build.0 = Release|Any CPU
		{FB8EDE93-583C-4A7D-828E-16D72CE28116}.Debug|Any CPU.ActiveCfg = Debug|Any CPU
		{FB8EDE93-583C-4A7D-828E-16D72CE28116}.Debug|Any CPU.Build.0 = Debug|Any CPU
		{FB8EDE93-583C-4A7D-828E-16D72CE28116}.Release|Any CPU.ActiveCfg = Release|Any CPU
		{FB8EDE93-583C-4A7D-828E-16D72CE28116}.Release|Any CPU.Build.0 = Release|Any CPU
		{A4FFE62D-8065-4F8C-9288-200926711C6F}.Debug|Any CPU.ActiveCfg = Debug|Any CPU
		{A4FFE62D-8065-4F8C-9288-200926711C6F}.Debug|Any CPU.Build.0 = Debug|Any CPU
		{A4FFE62D-8065-4F8C-9288-200926711C6F}.Release|Any CPU.ActiveCfg = Release|Any CPU
		{A4FFE62D-8065-4F8C-9288-200926711C6F}.Release|Any CPU.Build.0 = Release|Any CPU
		{F78AC0E0-0ACD-45D2-AC9F-570EB214FE8A}.Debug|Any CPU.ActiveCfg = Debug|Any CPU
		{F78AC0E0-0ACD-45D2-AC9F-570EB214FE8A}.Debug|Any CPU.Build.0 = Debug|Any CPU
		{F78AC0E0-0ACD-45D2-AC9F-570EB214FE8A}.Release|Any CPU.ActiveCfg = Release|Any CPU
		{F78AC0E0-0ACD-45D2-AC9F-570EB214FE8A}.Release|Any CPU.Build.0 = Release|Any CPU
		{5B973D88-50B2-4D95-A5ED-2CE6DCEF862C}.Debug|Any CPU.ActiveCfg = Debug|Any CPU
		{5B973D88-50B2-4D95-A5ED-2CE6DCEF862C}.Debug|Any CPU.Build.0 = Debug|Any CPU
		{5B973D88-50B2-4D95-A5ED-2CE6DCEF862C}.Release|Any CPU.ActiveCfg = Release|Any CPU
		{5B973D88-50B2-4D95-A5ED-2CE6DCEF862C}.Release|Any CPU.Build.0 = Release|Any CPU
		{DDF1A481-A6C0-4393-BA38-D4159A5B1B27}.Debug|Any CPU.ActiveCfg = Debug|Any CPU
		{DDF1A481-A6C0-4393-BA38-D4159A5B1B27}.Debug|Any CPU.Build.0 = Debug|Any CPU
		{DDF1A481-A6C0-4393-BA38-D4159A5B1B27}.Release|Any CPU.ActiveCfg = Release|Any CPU
		{DDF1A481-A6C0-4393-BA38-D4159A5B1B27}.Release|Any CPU.Build.0 = Release|Any CPU
		{CFBC2F41-D6DD-4E75-9BDA-FA7421EE16D1}.Debug|Any CPU.ActiveCfg = Debug|Any CPU
		{CFBC2F41-D6DD-4E75-9BDA-FA7421EE16D1}.Debug|Any CPU.Build.0 = Debug|Any CPU
		{CFBC2F41-D6DD-4E75-9BDA-FA7421EE16D1}.Release|Any CPU.ActiveCfg = Release|Any CPU
		{CFBC2F41-D6DD-4E75-9BDA-FA7421EE16D1}.Release|Any CPU.Build.0 = Release|Any CPU
		{7581B4A4-C8F1-4144-AA11-402D0DE3E883}.Debug|Any CPU.ActiveCfg = Debug|Any CPU
		{7581B4A4-C8F1-4144-AA11-402D0DE3E883}.Debug|Any CPU.Build.0 = Debug|Any CPU
		{7581B4A4-C8F1-4144-AA11-402D0DE3E883}.Release|Any CPU.ActiveCfg = Release|Any CPU
		{7581B4A4-C8F1-4144-AA11-402D0DE3E883}.Release|Any CPU.Build.0 = Release|Any CPU
		{26C5A7D6-C1A4-4B2E-A633-12258386CE93}.Debug|Any CPU.ActiveCfg = Debug|Any CPU
		{26C5A7D6-C1A4-4B2E-A633-12258386CE93}.Debug|Any CPU.Build.0 = Debug|Any CPU
		{26C5A7D6-C1A4-4B2E-A633-12258386CE93}.Release|Any CPU.ActiveCfg = Release|Any CPU
		{26C5A7D6-C1A4-4B2E-A633-12258386CE93}.Release|Any CPU.Build.0 = Release|Any CPU
	EndGlobalSection
	GlobalSection(SolutionProperties) = preSolution
		HideSolutionNode = FALSE
	EndGlobalSection
	GlobalSection(NestedProjects) = preSolution
		{945FB7D8-2B74-49C5-8138-605567DAF200} = {1A358561-A61F-4B2F-A5CD-BC423ABE799E}
		{A2CD1C69-5245-4702-8687-CE2E63A36427} = {945FB7D8-2B74-49C5-8138-605567DAF200}
		{8E6EF2AF-4A2A-4E07-9474-D590B0D6F733} = {A2CD1C69-5245-4702-8687-CE2E63A36427}
		{C4E2FD76-127C-4268-A66C-4E9326860864} = {A2CD1C69-5245-4702-8687-CE2E63A36427}
		{260BF0E3-3090-4586-94CB-182BF54FFAF2} = {A2CD1C69-5245-4702-8687-CE2E63A36427}
		{FB8EDE93-583C-4A7D-828E-16D72CE28116} = {A2CD1C69-5245-4702-8687-CE2E63A36427}
		{A4FFE62D-8065-4F8C-9288-200926711C6F} = {A2CD1C69-5245-4702-8687-CE2E63A36427}
		{3FF30227-0D96-49F3-B186-40BD420A41CD} = {1A358561-A61F-4B2F-A5CD-BC423ABE799E}
		{F78AC0E0-0ACD-45D2-AC9F-570EB214FE8A} = {3FF30227-0D96-49F3-B186-40BD420A41CD}
		{5B973D88-50B2-4D95-A5ED-2CE6DCEF862C} = {3FF30227-0D96-49F3-B186-40BD420A41CD}
		{DDF1A481-A6C0-4393-BA38-D4159A5B1B27} = {3FF30227-0D96-49F3-B186-40BD420A41CD}
		{CFBC2F41-D6DD-4E75-9BDA-FA7421EE16D1} = {3FF30227-0D96-49F3-B186-40BD420A41CD}
		{7581B4A4-C8F1-4144-AA11-402D0DE3E883} = {3FF30227-0D96-49F3-B186-40BD420A41CD}
		{26C5A7D6-C1A4-4B2E-A633-12258386CE93} = {3FF30227-0D96-49F3-B186-40BD420A41CD}
	EndGlobalSection
	GlobalSection(ExtensibilityGlobals) = postSolution
		SolutionGuid = {E8849F8D-C7C4-4866-9624-280AD3CD1A67}
	EndGlobalSection
EndGlobal
