
Microsoft Visual Studio Solution File, Format Version 12.00
# Visual Studio Version 17
VisualStudioVersion = 17.2.32630.192
MinimumVisualStudioVersion = 10.0.40219.1
Project("{2150E333-8FDC-42A3-9474-1A3956D46DE8}") = "src", "src", "{1A358561-A61F-4B2F-A5CD-BC423ABE799E}"
EndProject
Project("{2150E333-8FDC-42A3-9474-1A3956D46DE8}") = "corePackages", "corePackages", "{3FF30227-0D96-49F3-B186-40BD420A41CD}"
EndProject
Project("{9A19103F-16F7-4668-BE54-9A1E7A4F7556}") = "Core.Application", "src\corePackages\Core.Application\Core.Application.csproj", "{F78AC0E0-0ACD-45D2-AC9F-570EB214FE8A}"
EndProject
Project("{9A19103F-16F7-4668-BE54-9A1E7A4F7556}") = "Core.CrossCuttingConcerns", "src\corePackages\Core.CrossCuttingConcerns\Core.CrossCuttingConcerns.csproj", "{5B973D88-50B2-4D95-A5ED-2CE6DCEF862C}"
EndProject
Project("{9A19103F-16F7-4668-BE54-9A1E7A4F7556}") = "Core.ElasticSearch", "src\corePackages\Core.ElasticSearch\Core.ElasticSearch.csproj", "{DDF1A481-A6C0-4393-BA38-D4159A5B1B27}"
EndProject
Project("{9A19103F-16F7-4668-BE54-9A1E7A4F7556}") = "Core.Mailing", "src\corePackages\Core.Mailing\Core.Mailing.csproj", "{CFBC2F41-D6DD-4E75-9BDA-FA7421EE16D1}"
EndProject
Project("{9A19103F-16F7-4668-BE54-9A1E7A4F7556}") = "Core.Persistence", "src\corePackages\Core.Persistence\Core.Persistence.csproj", "{7581B4A4-C8F1-4144-AA11-402D0DE3E883}"
EndProject
Project("{9A19103F-16F7-4668-BE54-9A1E7A4F7556}") = "Core.Security", "src\corePackages\Core.Security\Core.Security.csproj", "{26C5A7D6-C1A4-4B2E-A633-12258386CE93}"
EndProject
Project("{2150E333-8FDC-42A3-9474-1A3956D46DE8}") = "kodlamaioDevs", "kodlamaioDevs", "{86235A6E-FDA6-41BA-85CA-CC3AAA3F18C6}"
EndProject
Project("{FAE04EC0-301F-11D3-BF4B-00C04F79EFBC}") = "Kodlama.io.Devs.Domain", "src\kodlamaioDevs\Kodlama.io.Devs.Domain\Kodlama.io.Devs.Domain.csproj", "{03F1D9B8-108F-491A-AFA0-40CB32501B26}"
EndProject
Project("{FAE04EC0-301F-11D3-BF4B-00C04F79EFBC}") = "Kodlama.io.Devs.Application", "src\kodlamaioDevs\Kodlama.io.Devs.Application\Kodlama.io.Devs.Application.csproj", "{3F66D717-FDBB-41D0-B6CE-0748CC3B5C98}"
EndProject
Project("{FAE04EC0-301F-11D3-BF4B-00C04F79EFBC}") = "Kodlama.io.Devs.Infrastructure", "src\kodlamaioDevs\Kodlama.io.Devs.Infrastructure\Kodlama.io.Devs.Infrastructure.csproj", "{43601665-C56B-4C1F-8A60-810B0F491F18}"
EndProject
Project("{FAE04EC0-301F-11D3-BF4B-00C04F79EFBC}") = "Kodlama.io.Devs.Persistence", "src\kodlamaioDevs\Kodlama.io.Devs.Persistence\Kodlama.io.Devs.Persistence.csproj", "{8E5BF8B4-38F9-4238-8506-6FD703908480}"
EndProject
Project("{FAE04EC0-301F-11D3-BF4B-00C04F79EFBC}") = "Kodlama.io.Devs.WebAPI", "src\kodlamaioDevs\Kodlama.io.Devs.WebAPI\Kodlama.io.Devs.WebAPI.csproj", "{171566AB-29E4-4478-B858-D94B5B4ED0C1}"
EndProject
Global
	GlobalSection(SolutionConfigurationPlatforms) = preSolution
		Debug|Any CPU = Debug|Any CPU
		Release|Any CPU = Release|Any CPU
	EndGlobalSection
	GlobalSection(ProjectConfigurationPlatforms) = postSolution
		{F78AC0E0-0ACD-45D2-AC9F-570EB214FE8A}.Debug|Any CPU.ActiveCfg = Debug|Any CPU
		{F78AC0E0-0ACD-45D2-AC9F-570EB214FE8A}.Debug|Any CPU.Build.0 = Debug|Any CPU
		{F78AC0E0-0ACD-45D2-AC9F-570EB214FE8A}.Release|Any CPU.ActiveCfg = Release|Any CPU
		{F78AC0E0-0ACD-45D2-AC9F-570EB214FE8A}.Release|Any CPU.Build.0 = Release|Any CPU
		{5B973D88-50B2-4D95-A5ED-2CE6DCEF862C}.Debug|Any CPU.ActiveCfg = Debug|Any CPU
		{5B973D88-50B2-4D95-A5ED-2CE6DCEF862C}.Debug|Any CPU.Build.0 = Debug|Any CPU
		{5B973D88-50B2-4D95-A5ED-2CE6DCEF862C}.Release|Any CPU.ActiveCfg = Release|Any CPU
		{5B973D88-50B2-4D95-A5ED-2CE6DCEF862C}.Release|Any CPU.Build.0 = Release|Any CPU
		{DDF1A481-A6C0-4393-BA38-D4159A5B1B27}.Debug|Any CPU.ActiveCfg = Debug|Any CPU
		{DDF1A481-A6C0-4393-BA38-D4159A5B1B27}.Debug|Any CPU.Build.0 = Debug|Any CPU
		{DDF1A481-A6C0-4393-BA38-D4159A5B1B27}.Release|Any CPU.ActiveCfg = Release|Any CPU
		{DDF1A481-A6C0-4393-BA38-D4159A5B1B27}.Release|Any CPU.Build.0 = Release|Any CPU
		{CFBC2F41-D6DD-4E75-9BDA-FA7421EE16D1}.Debug|Any CPU.ActiveCfg = Debug|Any CPU
		{CFBC2F41-D6DD-4E75-9BDA-FA7421EE16D1}.Debug|Any CPU.Build.0 = Debug|Any CPU
		{CFBC2F41-D6DD-4E75-9BDA-FA7421EE16D1}.Release|Any CPU.ActiveCfg = Release|Any CPU
		{CFBC2F41-D6DD-4E75-9BDA-FA7421EE16D1}.Release|Any CPU.Build.0 = Release|Any CPU
		{7581B4A4-C8F1-4144-AA11-402D0DE3E883}.Debug|Any CPU.ActiveCfg = Debug|Any CPU
		{7581B4A4-C8F1-4144-AA11-402D0DE3E883}.Debug|Any CPU.Build.0 = Debug|Any CPU
		{7581B4A4-C8F1-4144-AA11-402D0DE3E883}.Release|Any CPU.ActiveCfg = Release|Any CPU
		{7581B4A4-C8F1-4144-AA11-402D0DE3E883}.Release|Any CPU.Build.0 = Release|Any CPU
		{26C5A7D6-C1A4-4B2E-A633-12258386CE93}.Debug|Any CPU.ActiveCfg = Debug|Any CPU
		{26C5A7D6-C1A4-4B2E-A633-12258386CE93}.Debug|Any CPU.Build.0 = Debug|Any CPU
		{26C5A7D6-C1A4-4B2E-A633-12258386CE93}.Release|Any CPU.ActiveCfg = Release|Any CPU
		{26C5A7D6-C1A4-4B2E-A633-12258386CE93}.Release|Any CPU.Build.0 = Release|Any CPU
		{03F1D9B8-108F-491A-AFA0-40CB32501B26}.Debug|Any CPU.ActiveCfg = Debug|Any CPU
		{03F1D9B8-108F-491A-AFA0-40CB32501B26}.Debug|Any CPU.Build.0 = Debug|Any CPU
		{03F1D9B8-108F-491A-AFA0-40CB32501B26}.Release|Any CPU.ActiveCfg = Release|Any CPU
		{03F1D9B8-108F-491A-AFA0-40CB32501B26}.Release|Any CPU.Build.0 = Release|Any CPU
		{3F66D717-FDBB-41D0-B6CE-0748CC3B5C98}.Debug|Any CPU.ActiveCfg = Debug|Any CPU
		{3F66D717-FDBB-41D0-B6CE-0748CC3B5C98}.Debug|Any CPU.Build.0 = Debug|Any CPU
		{3F66D717-FDBB-41D0-B6CE-0748CC3B5C98}.Release|Any CPU.ActiveCfg = Release|Any CPU
		{3F66D717-FDBB-41D0-B6CE-0748CC3B5C98}.Release|Any CPU.Build.0 = Release|Any CPU
		{43601665-C56B-4C1F-8A60-810B0F491F18}.Debug|Any CPU.ActiveCfg = Debug|Any CPU
		{43601665-C56B-4C1F-8A60-810B0F491F18}.Debug|Any CPU.Build.0 = Debug|Any CPU
		{43601665-C56B-4C1F-8A60-810B0F491F18}.Release|Any CPU.ActiveCfg = Release|Any CPU
		{43601665-C56B-4C1F-8A60-810B0F491F18}.Release|Any CPU.Build.0 = Release|Any CPU
		{8E5BF8B4-38F9-4238-8506-6FD703908480}.Debug|Any CPU.ActiveCfg = Debug|Any CPU
		{8E5BF8B4-38F9-4238-8506-6FD703908480}.Debug|Any CPU.Build.0 = Debug|Any CPU
		{8E5BF8B4-38F9-4238-8506-6FD703908480}.Release|Any CPU.ActiveCfg = Release|Any CPU
		{8E5BF8B4-38F9-4238-8506-6FD703908480}.Release|Any CPU.Build.0 = Release|Any CPU
		{171566AB-29E4-4478-B858-D94B5B4ED0C1}.Debug|Any CPU.ActiveCfg = Debug|Any CPU
		{171566AB-29E4-4478-B858-D94B5B4ED0C1}.Debug|Any CPU.Build.0 = Debug|Any CPU
		{171566AB-29E4-4478-B858-D94B5B4ED0C1}.Release|Any CPU.ActiveCfg = Release|Any CPU
		{171566AB-29E4-4478-B858-D94B5B4ED0C1}.Release|Any CPU.Build.0 = Release|Any CPU
	EndGlobalSection
	GlobalSection(SolutionProperties) = preSolution
		HideSolutionNode = FALSE
	EndGlobalSection
	GlobalSection(NestedProjects) = preSolution
		{3FF30227-0D96-49F3-B186-40BD420A41CD} = {1A358561-A61F-4B2F-A5CD-BC423ABE799E}
		{F78AC0E0-0ACD-45D2-AC9F-570EB214FE8A} = {3FF30227-0D96-49F3-B186-40BD420A41CD}
		{5B973D88-50B2-4D95-A5ED-2CE6DCEF862C} = {3FF30227-0D96-49F3-B186-40BD420A41CD}
		{DDF1A481-A6C0-4393-BA38-D4159A5B1B27} = {3FF30227-0D96-49F3-B186-40BD420A41CD}
		{CFBC2F41-D6DD-4E75-9BDA-FA7421EE16D1} = {3FF30227-0D96-49F3-B186-40BD420A41CD}
		{7581B4A4-C8F1-4144-AA11-402D0DE3E883} = {3FF30227-0D96-49F3-B186-40BD420A41CD}
		{26C5A7D6-C1A4-4B2E-A633-12258386CE93} = {3FF30227-0D96-49F3-B186-40BD420A41CD}
		{86235A6E-FDA6-41BA-85CA-CC3AAA3F18C6} = {1A358561-A61F-4B2F-A5CD-BC423ABE799E}
		{03F1D9B8-108F-491A-AFA0-40CB32501B26} = {86235A6E-FDA6-41BA-85CA-CC3AAA3F18C6}
		{3F66D717-FDBB-41D0-B6CE-0748CC3B5C98} = {86235A6E-FDA6-41BA-85CA-CC3AAA3F18C6}
		{43601665-C56B-4C1F-8A60-810B0F491F18} = {86235A6E-FDA6-41BA-85CA-CC3AAA3F18C6}
		{8E5BF8B4-38F9-4238-8506-6FD703908480} = {86235A6E-FDA6-41BA-85CA-CC3AAA3F18C6}
		{171566AB-29E4-4478-B858-D94B5B4ED0C1} = {86235A6E-FDA6-41BA-85CA-CC3AAA3F18C6}
	EndGlobalSection
	GlobalSection(ExtensibilityGlobals) = postSolution
		SolutionGuid = {E8849F8D-C7C4-4866-9624-280AD3CD1A67}
	EndGlobalSection
EndGlobal
